// !$*UTF8*$!
{
	archiveVersion = 1;
	classes = {
	};
	objectVersion = 46;
	objects = {

/* Begin PBXBuildFile section */
		624DB2AC3E51458FA707E91D /* libPods.a in Frameworks */ = {isa = PBXBuildFile; fileRef = 03268E3CDE8A47C98AA5052E /* libPods.a */; };
		CF0CB430192B3A2400B19C22 /* FWWebViewController.m in Sources */ = {isa = PBXBuildFile; fileRef = CF0CB42F192B3A2400B19C22 /* FWWebViewController.m */; };
		CF1458B8192214A1005E6EBB /* Foundation.framework in Frameworks */ = {isa = PBXBuildFile; fileRef = CF1458B7192214A1005E6EBB /* Foundation.framework */; };
		CF1458BA192214A1005E6EBB /* CoreGraphics.framework in Frameworks */ = {isa = PBXBuildFile; fileRef = CF1458B9192214A1005E6EBB /* CoreGraphics.framework */; };
		CF1458BC192214A1005E6EBB /* UIKit.framework in Frameworks */ = {isa = PBXBuildFile; fileRef = CF1458BB192214A1005E6EBB /* UIKit.framework */; };
		CF1458C2192214A1005E6EBB /* InfoPlist.strings in Resources */ = {isa = PBXBuildFile; fileRef = CF1458C0192214A1005E6EBB /* InfoPlist.strings */; };
		CF1458C4192214A1005E6EBB /* main.m in Sources */ = {isa = PBXBuildFile; fileRef = CF1458C3192214A1005E6EBB /* main.m */; };
		CF1458C8192214A1005E6EBB /* FWAppDelegate.m in Sources */ = {isa = PBXBuildFile; fileRef = CF1458C7192214A1005E6EBB /* FWAppDelegate.m */; };
		CF1458CA192214A1005E6EBB /* Images.xcassets in Resources */ = {isa = PBXBuildFile; fileRef = CF1458C9192214A1005E6EBB /* Images.xcassets */; };
		CF1458D1192214A1005E6EBB /* XCTest.framework in Frameworks */ = {isa = PBXBuildFile; fileRef = CF1458D0192214A1005E6EBB /* XCTest.framework */; };
		CF1458D2192214A1005E6EBB /* Foundation.framework in Frameworks */ = {isa = PBXBuildFile; fileRef = CF1458B7192214A1005E6EBB /* Foundation.framework */; };
		CF1458D3192214A1005E6EBB /* UIKit.framework in Frameworks */ = {isa = PBXBuildFile; fileRef = CF1458BB192214A1005E6EBB /* UIKit.framework */; };
		CF1458DB192214A1005E6EBB /* InfoPlist.strings in Resources */ = {isa = PBXBuildFile; fileRef = CF1458D9192214A1005E6EBB /* InfoPlist.strings */; };
		CF1458DD192214A1005E6EBB /* SkipOrLikeSampleTests.m in Sources */ = {isa = PBXBuildFile; fileRef = CF1458DC192214A1005E6EBB /* SkipOrLikeSampleTests.m */; };
		CF1458E81922192E005E6EBB /* FWViewController.m in Sources */ = {isa = PBXBuildFile; fileRef = CF1458E71922192E005E6EBB /* FWViewController.m */; };
		CF1459041923607E005E6EBB /* Storyboard.storyboard in Resources */ = {isa = PBXBuildFile; fileRef = CF1459031923607E005E6EBB /* Storyboard.storyboard */; };
		CF543F291937FF8900579675 /* buy@2x.png in Resources */ = {isa = PBXBuildFile; fileRef = CF543F281937FF8900579675 /* buy@2x.png */; };
		CF543F2B1937FF9400579675 /* info-dislike-not@2x.png in Resources */ = {isa = PBXBuildFile; fileRef = CF543F2A1937FF9400579675 /* info-dislike-not@2x.png */; };
		CF543F2D1937FF9C00579675 /* info-dislike-push@2x.png in Resources */ = {isa = PBXBuildFile; fileRef = CF543F2C1937FF9C00579675 /* info-dislike-push@2x.png */; };
		CF543F2F1937FFA600579675 /* info-dislike@2x.png in Resources */ = {isa = PBXBuildFile; fileRef = CF543F2E1937FFA600579675 /* info-dislike@2x.png */; };
		CF543F311937FFAF00579675 /* info-like-not@2x.png in Resources */ = {isa = PBXBuildFile; fileRef = CF543F301937FFAF00579675 /* info-like-not@2x.png */; };
		CF543F331937FFB500579675 /* info-like-push@2x.png in Resources */ = {isa = PBXBuildFile; fileRef = CF543F321937FFB500579675 /* info-like-push@2x.png */; };
		CF543F351937FFC100579675 /* info-like@2x.png in Resources */ = {isa = PBXBuildFile; fileRef = CF543F341937FFC100579675 /* info-like@2x.png */; };
		CF543F371938145C00579675 /* prixdefleur@2x.png in Resources */ = {isa = PBXBuildFile; fileRef = CF543F361938145C00579675 /* prixdefleur@2x.png */; };
		CF7BB16D193EFE1C00E340E2 /* AudioToolbox.framework in Frameworks */ = {isa = PBXBuildFile; fileRef = CF7BB16C193EFE1C00E340E2 /* AudioToolbox.framework */; };
		CF7BB16F193EFE2900E340E2 /* CFNetwork.framework in Frameworks */ = {isa = PBXBuildFile; fileRef = CF7BB16E193EFE2900E340E2 /* CFNetwork.framework */; };
		CF7BB171193EFE3C00E340E2 /* CoreLocation.framework in Frameworks */ = {isa = PBXBuildFile; fileRef = CF7BB170193EFE3C00E340E2 /* CoreLocation.framework */; };
		CF7BB173193EFE6100E340E2 /* libz.dylib in Frameworks */ = {isa = PBXBuildFile; fileRef = CF7BB172193EFE6100E340E2 /* libz.dylib */; };
		CF7BB175193EFE7000E340E2 /* MobileCoreServices.framework in Frameworks */ = {isa = PBXBuildFile; fileRef = CF7BB174193EFE7000E340E2 /* MobileCoreServices.framework */; };
		CF7BB177193EFE8200E340E2 /* QuartzCore.framework in Frameworks */ = {isa = PBXBuildFile; fileRef = CF7BB176193EFE8200E340E2 /* QuartzCore.framework */; };
		CF7BB179193EFE8E00E340E2 /* Security.framework in Frameworks */ = {isa = PBXBuildFile; fileRef = CF7BB178193EFE8E00E340E2 /* Security.framework */; };
		CF7BB17B193EFE9A00E340E2 /* StoreKit.framework in Frameworks */ = {isa = PBXBuildFile; fileRef = CF7BB17A193EFE9A00E340E2 /* StoreKit.framework */; };
		CF7BB17D193EFEA800E340E2 /* SystemConfiguration.framework in Frameworks */ = {isa = PBXBuildFile; fileRef = CF7BB17C193EFEA800E340E2 /* SystemConfiguration.framework */; };
		CF7BB1811940AB1900E340E2 /* navigation-title@2x.png in Resources */ = {isa = PBXBuildFile; fileRef = CF7BB1801940AB1900E340E2 /* navigation-title@2x.png */; };
		CF7BB1831940B1DD00E340E2 /* like@2x.png in Resources */ = {isa = PBXBuildFile; fileRef = CF7BB1821940B1DD00E340E2 /* like@2x.png */; };
		CF7BB1851940B1E500E340E2 /* more@2x.png in Resources */ = {isa = PBXBuildFile; fileRef = CF7BB1841940B1E500E340E2 /* more@2x.png */; };
		CF7BB1871940B1EC00E340E2 /* skip@2x.png in Resources */ = {isa = PBXBuildFile; fileRef = CF7BB1861940B1EC00E340E2 /* skip@2x.png */; };
		CF7BB18A1940B7D000E340E2 /* axisstd-regular.otf in Resources */ = {isa = PBXBuildFile; fileRef = CF7BB1891940B7D000E340E2 /* axisstd-regular.otf */; };
		CF7BB18C1940BAAF00E340E2 /* DINMittelschriftStd.otf in Resources */ = {isa = PBXBuildFile; fileRef = CF7BB18B1940BAAF00E340E2 /* DINMittelschriftStd.otf */; };
		CF7BB18E1940BC1500E340E2 /* axisstd-light.otf in Resources */ = {isa = PBXBuildFile; fileRef = CF7BB18D1940BC1500E340E2 /* axisstd-light.otf */; };
		CF7BB1901940BC2500E340E2 /* axisstd-extralight.otf in Resources */ = {isa = PBXBuildFile; fileRef = CF7BB18F1940BC2500E340E2 /* axisstd-extralight.otf */; };
		CF7BB1921943136500E340E2 /* BoissonChocolat04@2x.png in Resources */ = {isa = PBXBuildFile; fileRef = CF7BB1911943136500E340E2 /* BoissonChocolat04@2x.png */; };
		CF7BB1941943136B00E340E2 /* BoissonChocolat03@2x.png in Resources */ = {isa = PBXBuildFile; fileRef = CF7BB1931943136B00E340E2 /* BoissonChocolat03@2x.png */; };
		CF7BB1961943137300E340E2 /* BoissonChocolat02@2x.png in Resources */ = {isa = PBXBuildFile; fileRef = CF7BB1951943137300E340E2 /* BoissonChocolat02@2x.png */; };
		CF7BB1981943137E00E340E2 /* BoissonChocolat@2x.png in Resources */ = {isa = PBXBuildFile; fileRef = CF7BB1971943137E00E340E2 /* BoissonChocolat@2x.png */; };
		CFACD9FB194556370051DEC0 /* buy-button@2x.png in Resources */ = {isa = PBXBuildFile; fileRef = CFACD9FA194556370051DEC0 /* buy-button@2x.png */; };
		CFACD9FD194556450051DEC0 /* like-button-push@2x.png in Resources */ = {isa = PBXBuildFile; fileRef = CFACD9FC194556450051DEC0 /* like-button-push@2x.png */; };
		CFACD9FF194556720051DEC0 /* like-button@2x.png in Resources */ = {isa = PBXBuildFile; fileRef = CFACD9FE194556720051DEC0 /* like-button@2x.png */; };
		CFACDA011945567D0051DEC0 /* facebook@2x.png in Resources */ = {isa = PBXBuildFile; fileRef = CFACDA001945567D0051DEC0 /* facebook@2x.png */; };
		CFACDA03194556850051DEC0 /* FB_register@2x.png in Resources */ = {isa = PBXBuildFile; fileRef = CFACDA02194556850051DEC0 /* FB_register@2x.png */; };
		CFACDA051945568C0051DEC0 /* first@2x.png in Resources */ = {isa = PBXBuildFile; fileRef = CFACDA041945568C0051DEC0 /* first@2x.png */; };
		CFACDA07194556960051DEC0 /* log_in@2x.png in Resources */ = {isa = PBXBuildFile; fileRef = CFACDA06194556960051DEC0 /* log_in@2x.png */; };
		CFACDA091945569D0051DEC0 /* register@2x.png in Resources */ = {isa = PBXBuildFile; fileRef = CFACDA081945569D0051DEC0 /* register@2x.png */; };
		CFACDA0B194556B30051DEC0 /* skip_button@2x.png in Resources */ = {isa = PBXBuildFile; fileRef = CFACDA0A194556B30051DEC0 /* skip_button@2x.png */; };
		CFE43A5319442EBD005E6A87 /* SafariServices.framework in Frameworks */ = {isa = PBXBuildFile; fileRef = CFE43A5219442EBD005E6A87 /* SafariServices.framework */; };
		CFE43A5519446D69005E6A87 /* Social.framework in Frameworks */ = {isa = PBXBuildFile; fileRef = CFE43A5419446D69005E6A87 /* Social.framework */; };
		CFE43A5719446D71005E6A87 /* Twitter.framework in Frameworks */ = {isa = PBXBuildFile; fileRef = CFE43A5619446D71005E6A87 /* Twitter.framework */; };
		CFE802E8192C46C20097AD92 /* FWItems.m in Sources */ = {isa = PBXBuildFile; fileRef = CFE802E7192C46C20097AD92 /* FWItems.m */; };
		CFE802EB192C47ED0097AD92 /* FWImageLabelView.m in Sources */ = {isa = PBXBuildFile; fileRef = CFE802EA192C47ED0097AD92 /* FWImageLabelView.m */; };
		CFE802EE192C4AE80097AD92 /* FWChooseItemView.m in Sources */ = {isa = PBXBuildFile; fileRef = CFE802ED192C4AE80097AD92 /* FWChooseItemView.m */; };
		CFF7B7451928C33000CFBC03 /* FWDetailsViewController.m in Sources */ = {isa = PBXBuildFile; fileRef = CFF7B7441928C33000CFBC03 /* FWDetailsViewController.m */; };
/* End PBXBuildFile section */

/* Begin PBXContainerItemProxy section */
		CF1458D4192214A1005E6EBB /* PBXContainerItemProxy */ = {
			isa = PBXContainerItemProxy;
			containerPortal = CF1458AC192214A1005E6EBB /* Project object */;
			proxyType = 1;
			remoteGlobalIDString = CF1458B3192214A1005E6EBB;
			remoteInfo = SkipOrLikeSample;
		};
/* End PBXContainerItemProxy section */

/* Begin PBXFileReference section */
		03268E3CDE8A47C98AA5052E /* libPods.a */ = {isa = PBXFileReference; explicitFileType = archive.ar; includeInIndex = 0; path = libPods.a; sourceTree = BUILT_PRODUCTS_DIR; };
		B87D320969414D419B515807 /* Pods.xcconfig */ = {isa = PBXFileReference; includeInIndex = 1; lastKnownFileType = text.xcconfig; name = Pods.xcconfig; path = Pods/Pods.xcconfig; sourceTree = "<group>"; };
		CF0CB42E192B3A2400B19C22 /* FWWebViewController.h */ = {isa = PBXFileReference; fileEncoding = 4; lastKnownFileType = sourcecode.c.h; path = FWWebViewController.h; sourceTree = "<group>"; };
		CF0CB42F192B3A2400B19C22 /* FWWebViewController.m */ = {isa = PBXFileReference; fileEncoding = 4; lastKnownFileType = sourcecode.c.objc; path = FWWebViewController.m; sourceTree = "<group>"; };
		CF1458B4192214A1005E6EBB /* Wishfeed_α.app */ = {isa = PBXFileReference; explicitFileType = wrapper.application; includeInIndex = 0; path = "Wishfeed_α.app"; sourceTree = BUILT_PRODUCTS_DIR; };
		CF1458B7192214A1005E6EBB /* Foundation.framework */ = {isa = PBXFileReference; lastKnownFileType = wrapper.framework; name = Foundation.framework; path = System/Library/Frameworks/Foundation.framework; sourceTree = SDKROOT; };
		CF1458B9192214A1005E6EBB /* CoreGraphics.framework */ = {isa = PBXFileReference; lastKnownFileType = wrapper.framework; name = CoreGraphics.framework; path = System/Library/Frameworks/CoreGraphics.framework; sourceTree = SDKROOT; };
		CF1458BB192214A1005E6EBB /* UIKit.framework */ = {isa = PBXFileReference; lastKnownFileType = wrapper.framework; name = UIKit.framework; path = System/Library/Frameworks/UIKit.framework; sourceTree = SDKROOT; };
		CF1458BF192214A1005E6EBB /* Wishfeed_α-Info.plist */ = {isa = PBXFileReference; lastKnownFileType = text.plist.xml; path = "Wishfeed_α-Info.plist"; sourceTree = "<group>"; };
		CF1458C1192214A1005E6EBB /* en */ = {isa = PBXFileReference; lastKnownFileType = text.plist.strings; name = en; path = en.lproj/InfoPlist.strings; sourceTree = "<group>"; };
		CF1458C3192214A1005E6EBB /* main.m */ = {isa = PBXFileReference; lastKnownFileType = sourcecode.c.objc; path = main.m; sourceTree = "<group>"; };
		CF1458C5192214A1005E6EBB /* Wishfeed_α-Prefix.pch */ = {isa = PBXFileReference; lastKnownFileType = sourcecode.c.h; path = "Wishfeed_α-Prefix.pch"; sourceTree = "<group>"; };
		CF1458C6192214A1005E6EBB /* FWAppDelegate.h */ = {isa = PBXFileReference; lastKnownFileType = sourcecode.c.h; path = FWAppDelegate.h; sourceTree = "<group>"; };
		CF1458C7192214A1005E6EBB /* FWAppDelegate.m */ = {isa = PBXFileReference; lastKnownFileType = sourcecode.c.objc; path = FWAppDelegate.m; sourceTree = "<group>"; };
		CF1458C9192214A1005E6EBB /* Images.xcassets */ = {isa = PBXFileReference; lastKnownFileType = folder.assetcatalog; path = Images.xcassets; sourceTree = "<group>"; };
		CF1458CF192214A1005E6EBB /* Wishfeed_αTests.xctest */ = {isa = PBXFileReference; explicitFileType = wrapper.cfbundle; includeInIndex = 0; path = "Wishfeed_αTests.xctest"; sourceTree = BUILT_PRODUCTS_DIR; };
		CF1458D0192214A1005E6EBB /* XCTest.framework */ = {isa = PBXFileReference; lastKnownFileType = wrapper.framework; name = XCTest.framework; path = Library/Frameworks/XCTest.framework; sourceTree = DEVELOPER_DIR; };
		CF1458D8192214A1005E6EBB /* Wishfeed_αTests-Info.plist */ = {isa = PBXFileReference; lastKnownFileType = text.plist.xml; path = "Wishfeed_αTests-Info.plist"; sourceTree = "<group>"; };
		CF1458DA192214A1005E6EBB /* en */ = {isa = PBXFileReference; lastKnownFileType = text.plist.strings; name = en; path = en.lproj/InfoPlist.strings; sourceTree = "<group>"; };
		CF1458DC192214A1005E6EBB /* SkipOrLikeSampleTests.m */ = {isa = PBXFileReference; lastKnownFileType = sourcecode.c.objc; path = SkipOrLikeSampleTests.m; sourceTree = "<group>"; };
		CF1458E61922192E005E6EBB /* FWViewController.h */ = {isa = PBXFileReference; fileEncoding = 4; lastKnownFileType = sourcecode.c.h; path = FWViewController.h; sourceTree = "<group>"; };
		CF1458E71922192E005E6EBB /* FWViewController.m */ = {isa = PBXFileReference; fileEncoding = 4; lastKnownFileType = sourcecode.c.objc; path = FWViewController.m; sourceTree = "<group>"; };
		CF1459031923607E005E6EBB /* Storyboard.storyboard */ = {isa = PBXFileReference; fileEncoding = 4; lastKnownFileType = file.storyboard; path = Storyboard.storyboard; sourceTree = "<group>"; };
		CF543F281937FF8900579675 /* buy@2x.png */ = {isa = PBXFileReference; lastKnownFileType = image.png; name = "buy@2x.png"; path = "../../../../Dropbox/newelse/wishfeed/wishfeed_design/α.ver/button/buy@2x.png"; sourceTree = "<group>"; };
		CF543F2A1937FF9400579675 /* info-dislike-not@2x.png */ = {isa = PBXFileReference; lastKnownFileType = image.png; name = "info-dislike-not@2x.png"; path = "../../../../Dropbox/newelse/wishfeed/wishfeed_design/α.ver/button/info-dislike-not@2x.png"; sourceTree = "<group>"; };
		CF543F2C1937FF9C00579675 /* info-dislike-push@2x.png */ = {isa = PBXFileReference; lastKnownFileType = image.png; name = "info-dislike-push@2x.png"; path = "../../../../Dropbox/newelse/wishfeed/wishfeed_design/α.ver/button/info-dislike-push@2x.png"; sourceTree = "<group>"; };
		CF543F2E1937FFA600579675 /* info-dislike@2x.png */ = {isa = PBXFileReference; lastKnownFileType = image.png; name = "info-dislike@2x.png"; path = "../../../../Dropbox/newelse/wishfeed/wishfeed_design/α.ver/button/info-dislike@2x.png"; sourceTree = "<group>"; };
		CF543F301937FFAF00579675 /* info-like-not@2x.png */ = {isa = PBXFileReference; lastKnownFileType = image.png; name = "info-like-not@2x.png"; path = "../../../../Dropbox/newelse/wishfeed/wishfeed_design/α.ver/button/info-like-not@2x.png"; sourceTree = "<group>"; };
		CF543F321937FFB500579675 /* info-like-push@2x.png */ = {isa = PBXFileReference; lastKnownFileType = image.png; name = "info-like-push@2x.png"; path = "../../../../Dropbox/newelse/wishfeed/wishfeed_design/α.ver/button/info-like-push@2x.png"; sourceTree = "<group>"; };
		CF543F341937FFC100579675 /* info-like@2x.png */ = {isa = PBXFileReference; lastKnownFileType = image.png; name = "info-like@2x.png"; path = "../../../../Dropbox/newelse/wishfeed/wishfeed_design/α.ver/button/info-like@2x.png"; sourceTree = "<group>"; };
		CF543F361938145C00579675 /* prixdefleur@2x.png */ = {isa = PBXFileReference; lastKnownFileType = image.png; name = "prixdefleur@2x.png"; path = "../../../../Dropbox/newelse/wishfeed/wishfeed_α/Images/prixdefleur@2x.png"; sourceTree = "<group>"; };
		CF7BB16C193EFE1C00E340E2 /* AudioToolbox.framework */ = {isa = PBXFileReference; lastKnownFileType = wrapper.framework; name = AudioToolbox.framework; path = System/Library/Frameworks/AudioToolbox.framework; sourceTree = SDKROOT; };
		CF7BB16E193EFE2900E340E2 /* CFNetwork.framework */ = {isa = PBXFileReference; lastKnownFileType = wrapper.framework; name = CFNetwork.framework; path = System/Library/Frameworks/CFNetwork.framework; sourceTree = SDKROOT; };
		CF7BB170193EFE3C00E340E2 /* CoreLocation.framework */ = {isa = PBXFileReference; lastKnownFileType = wrapper.framework; name = CoreLocation.framework; path = System/Library/Frameworks/CoreLocation.framework; sourceTree = SDKROOT; };
		CF7BB172193EFE6100E340E2 /* libz.dylib */ = {isa = PBXFileReference; lastKnownFileType = "compiled.mach-o.dylib"; name = libz.dylib; path = usr/lib/libz.dylib; sourceTree = SDKROOT; };
		CF7BB174193EFE7000E340E2 /* MobileCoreServices.framework */ = {isa = PBXFileReference; lastKnownFileType = wrapper.framework; name = MobileCoreServices.framework; path = System/Library/Frameworks/MobileCoreServices.framework; sourceTree = SDKROOT; };
		CF7BB176193EFE8200E340E2 /* QuartzCore.framework */ = {isa = PBXFileReference; lastKnownFileType = wrapper.framework; name = QuartzCore.framework; path = System/Library/Frameworks/QuartzCore.framework; sourceTree = SDKROOT; };
		CF7BB178193EFE8E00E340E2 /* Security.framework */ = {isa = PBXFileReference; lastKnownFileType = wrapper.framework; name = Security.framework; path = System/Library/Frameworks/Security.framework; sourceTree = SDKROOT; };
		CF7BB17A193EFE9A00E340E2 /* StoreKit.framework */ = {isa = PBXFileReference; lastKnownFileType = wrapper.framework; name = StoreKit.framework; path = System/Library/Frameworks/StoreKit.framework; sourceTree = SDKROOT; };
		CF7BB17C193EFEA800E340E2 /* SystemConfiguration.framework */ = {isa = PBXFileReference; lastKnownFileType = wrapper.framework; name = SystemConfiguration.framework; path = System/Library/Frameworks/SystemConfiguration.framework; sourceTree = SDKROOT; };
		CF7BB1801940AB1900E340E2 /* navigation-title@2x.png */ = {isa = PBXFileReference; lastKnownFileType = image.png; name = "navigation-title@2x.png"; path = "../../../../Dropbox/newelse/wishfeed/wishfeed_design/α.ver/screen/navigation-title@2x.png"; sourceTree = "<group>"; };
		CF7BB1821940B1DD00E340E2 /* like@2x.png */ = {isa = PBXFileReference; lastKnownFileType = image.png; name = "like@2x.png"; path = "../../../../Dropbox/newelse/wishfeed/wishfeed_design/α.ver/button-another/like@2x.png"; sourceTree = "<group>"; };
		CF7BB1841940B1E500E340E2 /* more@2x.png */ = {isa = PBXFileReference; lastKnownFileType = image.png; name = "more@2x.png"; path = "../../../../Dropbox/newelse/wishfeed/wishfeed_design/α.ver/button-another/more@2x.png"; sourceTree = "<group>"; };
		CF7BB1861940B1EC00E340E2 /* skip@2x.png */ = {isa = PBXFileReference; lastKnownFileType = image.png; name = "skip@2x.png"; path = "../../../../Dropbox/newelse/wishfeed/wishfeed_design/α.ver/button-another/skip@2x.png"; sourceTree = "<group>"; };
		CF7BB1891940B7D000E340E2 /* axisstd-regular.otf */ = {isa = PBXFileReference; lastKnownFileType = file; path = "axisstd-regular.otf"; sourceTree = "<group>"; };
		CF7BB18B1940BAAF00E340E2 /* DINMittelschriftStd.otf */ = {isa = PBXFileReference; lastKnownFileType = file; path = DINMittelschriftStd.otf; sourceTree = "<group>"; };
		CF7BB18D1940BC1500E340E2 /* axisstd-light.otf */ = {isa = PBXFileReference; lastKnownFileType = file; path = "axisstd-light.otf"; sourceTree = "<group>"; };
		CF7BB18F1940BC2500E340E2 /* axisstd-extralight.otf */ = {isa = PBXFileReference; lastKnownFileType = file; path = "axisstd-extralight.otf"; sourceTree = "<group>"; };
		CF7BB1911943136500E340E2 /* BoissonChocolat04@2x.png */ = {isa = PBXFileReference; lastKnownFileType = image.png; path = "BoissonChocolat04@2x.png"; sourceTree = "<group>"; };
		CF7BB1931943136B00E340E2 /* BoissonChocolat03@2x.png */ = {isa = PBXFileReference; lastKnownFileType = image.png; path = "BoissonChocolat03@2x.png"; sourceTree = "<group>"; };
		CF7BB1951943137300E340E2 /* BoissonChocolat02@2x.png */ = {isa = PBXFileReference; lastKnownFileType = image.png; path = "BoissonChocolat02@2x.png"; sourceTree = "<group>"; };
		CF7BB1971943137E00E340E2 /* BoissonChocolat@2x.png */ = {isa = PBXFileReference; lastKnownFileType = image.png; path = "BoissonChocolat@2x.png"; sourceTree = "<group>"; };
		CFACD9FA194556370051DEC0 /* buy-button@2x.png */ = {isa = PBXFileReference; lastKnownFileType = image.png; name = "buy-button@2x.png"; path = "../../../../Dropbox/newelse/wishfeed/wishfeed_design/α.ver/button-another/buy-button@2x.png"; sourceTree = "<group>"; };
		CFACD9FC194556450051DEC0 /* like-button-push@2x.png */ = {isa = PBXFileReference; lastKnownFileType = image.png; name = "like-button-push@2x.png"; path = "../../../../Dropbox/newelse/wishfeed/wishfeed_design/α.ver/button-another/like-button-push@2x.png"; sourceTree = "<group>"; };
		CFACD9FE194556720051DEC0 /* like-button@2x.png */ = {isa = PBXFileReference; lastKnownFileType = image.png; name = "like-button@2x.png"; path = "../../../../Dropbox/newelse/wishfeed/wishfeed_design/α.ver/button-another/like-button@2x.png"; sourceTree = "<group>"; };
		CFACDA001945567D0051DEC0 /* facebook@2x.png */ = {isa = PBXFileReference; lastKnownFileType = image.png; name = "facebook@2x.png"; path = "../../../../Dropbox/newelse/wishfeed/wishfeed_design/α.ver/button/facebook@2x.png"; sourceTree = "<group>"; };
		CFACDA02194556850051DEC0 /* FB_register@2x.png */ = {isa = PBXFileReference; lastKnownFileType = image.png; name = "FB_register@2x.png"; path = "../../../../Dropbox/newelse/wishfeed/wishfeed_design/α.ver/button/FB_register@2x.png"; sourceTree = "<group>"; };
		CFACDA041945568C0051DEC0 /* first@2x.png */ = {isa = PBXFileReference; lastKnownFileType = image.png; name = "first@2x.png"; path = "../../../../Dropbox/newelse/wishfeed/wishfeed_design/α.ver/button/first@2x.png"; sourceTree = "<group>"; };
		CFACDA06194556960051DEC0 /* log_in@2x.png */ = {isa = PBXFileReference; lastKnownFileType = image.png; name = "log_in@2x.png"; path = "../../../../Dropbox/newelse/wishfeed/wishfeed_design/α.ver/button/log_in@2x.png"; sourceTree = "<group>"; };
		CFACDA081945569D0051DEC0 /* register@2x.png */ = {isa = PBXFileReference; lastKnownFileType = image.png; name = "register@2x.png"; path = "../../../../Dropbox/newelse/wishfeed/wishfeed_design/α.ver/button/register@2x.png"; sourceTree = "<group>"; };
		CFACDA0A194556B30051DEC0 /* skip_button@2x.png */ = {isa = PBXFileReference; lastKnownFileType = image.png; name = "skip_button@2x.png"; path = "../../../../Dropbox/newelse/wishfeed/wishfeed_design/α.ver/button/skip_button@2x.png"; sourceTree = "<group>"; };
		CFE43A5219442EBD005E6A87 /* SafariServices.framework */ = {isa = PBXFileReference; lastKnownFileType = wrapper.framework; name = SafariServices.framework; path = System/Library/Frameworks/SafariServices.framework; sourceTree = SDKROOT; };
		CFE43A5419446D69005E6A87 /* Social.framework */ = {isa = PBXFileReference; lastKnownFileType = wrapper.framework; name = Social.framework; path = System/Library/Frameworks/Social.framework; sourceTree = SDKROOT; };
		CFE43A5619446D71005E6A87 /* Twitter.framework */ = {isa = PBXFileReference; lastKnownFileType = wrapper.framework; name = Twitter.framework; path = System/Library/Frameworks/Twitter.framework; sourceTree = SDKROOT; };
		CFE802E6192C46C20097AD92 /* FWItems.h */ = {isa = PBXFileReference; fileEncoding = 4; lastKnownFileType = sourcecode.c.h; path = FWItems.h; sourceTree = "<group>"; };
		CFE802E7192C46C20097AD92 /* FWItems.m */ = {isa = PBXFileReference; fileEncoding = 4; lastKnownFileType = sourcecode.c.objc; path = FWItems.m; sourceTree = "<group>"; };
		CFE802E9192C47ED0097AD92 /* FWImageLabelView.h */ = {isa = PBXFileReference; fileEncoding = 4; lastKnownFileType = sourcecode.c.h; path = FWImageLabelView.h; sourceTree = "<group>"; };
		CFE802EA192C47ED0097AD92 /* FWImageLabelView.m */ = {isa = PBXFileReference; fileEncoding = 4; lastKnownFileType = sourcecode.c.objc; path = FWImageLabelView.m; sourceTree = "<group>"; };
		CFE802EC192C4AE80097AD92 /* FWChooseItemView.h */ = {isa = PBXFileReference; fileEncoding = 4; lastKnownFileType = sourcecode.c.h; path = FWChooseItemView.h; sourceTree = "<group>"; };
		CFE802ED192C4AE80097AD92 /* FWChooseItemView.m */ = {isa = PBXFileReference; fileEncoding = 4; lastKnownFileType = sourcecode.c.objc; path = FWChooseItemView.m; sourceTree = "<group>"; };
		CFF7B7431928C33000CFBC03 /* FWDetailsViewController.h */ = {isa = PBXFileReference; fileEncoding = 4; lastKnownFileType = sourcecode.c.h; path = FWDetailsViewController.h; sourceTree = "<group>"; };
		CFF7B7441928C33000CFBC03 /* FWDetailsViewController.m */ = {isa = PBXFileReference; fileEncoding = 4; lastKnownFileType = sourcecode.c.objc; path = FWDetailsViewController.m; sourceTree = "<group>"; };
/* End PBXFileReference section */

/* Begin PBXFrameworksBuildPhase section */
		CF1458B1192214A1005E6EBB /* Frameworks */ = {
			isa = PBXFrameworksBuildPhase;
			buildActionMask = 2147483647;
			files = (
				CFE43A5719446D71005E6A87 /* Twitter.framework in Frameworks */,
				CFE43A5519446D69005E6A87 /* Social.framework in Frameworks */,
				CFE43A5319442EBD005E6A87 /* SafariServices.framework in Frameworks */,
				CF7BB17D193EFEA800E340E2 /* SystemConfiguration.framework in Frameworks */,
				CF7BB17B193EFE9A00E340E2 /* StoreKit.framework in Frameworks */,
				CF7BB179193EFE8E00E340E2 /* Security.framework in Frameworks */,
				CF7BB177193EFE8200E340E2 /* QuartzCore.framework in Frameworks */,
				CF7BB175193EFE7000E340E2 /* MobileCoreServices.framework in Frameworks */,
				CF7BB173193EFE6100E340E2 /* libz.dylib in Frameworks */,
				CF7BB171193EFE3C00E340E2 /* CoreLocation.framework in Frameworks */,
				CF7BB16F193EFE2900E340E2 /* CFNetwork.framework in Frameworks */,
				CF7BB16D193EFE1C00E340E2 /* AudioToolbox.framework in Frameworks */,
				CF1458BA192214A1005E6EBB /* CoreGraphics.framework in Frameworks */,
				CF1458BC192214A1005E6EBB /* UIKit.framework in Frameworks */,
				CF1458B8192214A1005E6EBB /* Foundation.framework in Frameworks */,
				624DB2AC3E51458FA707E91D /* libPods.a in Frameworks */,
			);
			runOnlyForDeploymentPostprocessing = 0;
		};
		CF1458CC192214A1005E6EBB /* Frameworks */ = {
			isa = PBXFrameworksBuildPhase;
			buildActionMask = 2147483647;
			files = (
				CF1458D1192214A1005E6EBB /* XCTest.framework in Frameworks */,
				CF1458D3192214A1005E6EBB /* UIKit.framework in Frameworks */,
				CF1458D2192214A1005E6EBB /* Foundation.framework in Frameworks */,
			);
			runOnlyForDeploymentPostprocessing = 0;
		};
/* End PBXFrameworksBuildPhase section */

/* Begin PBXGroup section */
		CF1458AB192214A1005E6EBB = {
			isa = PBXGroup;
			children = (
				CF1458BD192214A1005E6EBB /* SkipOrLikeSample */,
				CF1458D6192214A1005E6EBB /* SkipOrLikeSampleTests */,
				CF1458B6192214A1005E6EBB /* Frameworks */,
				CF1458B5192214A1005E6EBB /* Products */,
				B87D320969414D419B515807 /* Pods.xcconfig */,
			);
			sourceTree = "<group>";
		};
		CF1458B5192214A1005E6EBB /* Products */ = {
			isa = PBXGroup;
			children = (
				CF1458B4192214A1005E6EBB /* Wishfeed_α.app */,
				CF1458CF192214A1005E6EBB /* Wishfeed_αTests.xctest */,
			);
			name = Products;
			sourceTree = "<group>";
		};
		CF1458B6192214A1005E6EBB /* Frameworks */ = {
			isa = PBXGroup;
			children = (
				CFE43A5619446D71005E6A87 /* Twitter.framework */,
				CFE43A5419446D69005E6A87 /* Social.framework */,
				CFE43A5219442EBD005E6A87 /* SafariServices.framework */,
				CF7BB17C193EFEA800E340E2 /* SystemConfiguration.framework */,
				CF7BB17A193EFE9A00E340E2 /* StoreKit.framework */,
				CF7BB178193EFE8E00E340E2 /* Security.framework */,
				CF7BB176193EFE8200E340E2 /* QuartzCore.framework */,
				CF7BB174193EFE7000E340E2 /* MobileCoreServices.framework */,
				CF7BB172193EFE6100E340E2 /* libz.dylib */,
				CF7BB170193EFE3C00E340E2 /* CoreLocation.framework */,
				CF7BB16E193EFE2900E340E2 /* CFNetwork.framework */,
				CF7BB16C193EFE1C00E340E2 /* AudioToolbox.framework */,
				CF1458B7192214A1005E6EBB /* Foundation.framework */,
				CF1458B9192214A1005E6EBB /* CoreGraphics.framework */,
				CF1458BB192214A1005E6EBB /* UIKit.framework */,
				CF1458D0192214A1005E6EBB /* XCTest.framework */,
				03268E3CDE8A47C98AA5052E /* libPods.a */,
			);
			name = Frameworks;
			sourceTree = "<group>";
		};
		CF1458BD192214A1005E6EBB /* SkipOrLikeSample */ = {
			isa = PBXGroup;
			children = (
				CF1458C6192214A1005E6EBB /* FWAppDelegate.h */,
				CF1458C7192214A1005E6EBB /* FWAppDelegate.m */,
				CF14590E1923707A005E6EBB /* Items */,
				CF14590F19237101005E6EBB /* Views */,
				CF1458E9192325DA005E6EBB /* Controllers */,
				CF7BB1881940B7AC00E340E2 /* Fonts */,
				CFF7B73019276AE700CFBC03 /* Images */,
				CF1458C9192214A1005E6EBB /* Images.xcassets */,
				CF1458BE192214A1005E6EBB /* Supporting Files */,
			);
			path = SkipOrLikeSample;
			sourceTree = "<group>";
		};
		CF1458BE192214A1005E6EBB /* Supporting Files */ = {
			isa = PBXGroup;
			children = (
				CF1459031923607E005E6EBB /* Storyboard.storyboard */,
				CF1458BF192214A1005E6EBB /* Wishfeed_α-Info.plist */,
				CF1458C0192214A1005E6EBB /* InfoPlist.strings */,
				CF1458C3192214A1005E6EBB /* main.m */,
				CF1458C5192214A1005E6EBB /* Wishfeed_α-Prefix.pch */,
			);
			name = "Supporting Files";
			sourceTree = "<group>";
		};
		CF1458D6192214A1005E6EBB /* SkipOrLikeSampleTests */ = {
			isa = PBXGroup;
			children = (
				CF1458DC192214A1005E6EBB /* SkipOrLikeSampleTests.m */,
				CF1458D7192214A1005E6EBB /* Supporting Files */,
			);
			path = SkipOrLikeSampleTests;
			sourceTree = "<group>";
		};
		CF1458D7192214A1005E6EBB /* Supporting Files */ = {
			isa = PBXGroup;
			children = (
				CF1458D8192214A1005E6EBB /* Wishfeed_αTests-Info.plist */,
				CF1458D9192214A1005E6EBB /* InfoPlist.strings */,
			);
			name = "Supporting Files";
			sourceTree = "<group>";
		};
		CF1458E9192325DA005E6EBB /* Controllers */ = {
			isa = PBXGroup;
			children = (
				CF1458E61922192E005E6EBB /* FWViewController.h */,
				CF1458E71922192E005E6EBB /* FWViewController.m */,
				CFF7B7431928C33000CFBC03 /* FWDetailsViewController.h */,
				CFF7B7441928C33000CFBC03 /* FWDetailsViewController.m */,
				CF0CB42E192B3A2400B19C22 /* FWWebViewController.h */,
				CF0CB42F192B3A2400B19C22 /* FWWebViewController.m */,
			);
			name = Controllers;
			sourceTree = "<group>";
		};
		CF14590E1923707A005E6EBB /* Items */ = {
			isa = PBXGroup;
			children = (
				CFE802E6192C46C20097AD92 /* FWItems.h */,
				CFE802E7192C46C20097AD92 /* FWItems.m */,
			);
			name = Items;
			sourceTree = "<group>";
		};
		CF14590F19237101005E6EBB /* Views */ = {
			isa = PBXGroup;
			children = (
				CFE802E9192C47ED0097AD92 /* FWImageLabelView.h */,
				CFE802EA192C47ED0097AD92 /* FWImageLabelView.m */,
				CFE802EC192C4AE80097AD92 /* FWChooseItemView.h */,
				CFE802ED192C4AE80097AD92 /* FWChooseItemView.m */,
			);
			name = Views;
			sourceTree = "<group>";
		};
		CF7BB1881940B7AC00E340E2 /* Fonts */ = {
			isa = PBXGroup;
			children = (
				CF7BB18B1940BAAF00E340E2 /* DINMittelschriftStd.otf */,
				CF7BB18F1940BC2500E340E2 /* axisstd-extralight.otf */,
				CF7BB18D1940BC1500E340E2 /* axisstd-light.otf */,
				CF7BB1891940B7D000E340E2 /* axisstd-regular.otf */,
			);
			name = Fonts;
			sourceTree = "<group>";
		};
		CFF7B73019276AE700CFBC03 /* Images */ = {
			isa = PBXGroup;
			children = (
				CF7BB1841940B1E500E340E2 /* more@2x.png */,
				CF7BB1861940B1EC00E340E2 /* skip@2x.png */,
				CF7BB1911943136500E340E2 /* BoissonChocolat04@2x.png */,
				CFACDA02194556850051DEC0 /* FB_register@2x.png */,
				CFACDA041945568C0051DEC0 /* first@2x.png */,
				CFACDA06194556960051DEC0 /* log_in@2x.png */,
				CFACDA081945569D0051DEC0 /* register@2x.png */,
				CFACDA0A194556B30051DEC0 /* skip_button@2x.png */,
				CFACD9FA194556370051DEC0 /* buy-button@2x.png */,
				CFACDA001945567D0051DEC0 /* facebook@2x.png */,
				CFACD9FC194556450051DEC0 /* like-button-push@2x.png */,
				CF7BB1821940B1DD00E340E2 /* like@2x.png */,
				CFACD9FE194556720051DEC0 /* like-button@2x.png */,
				CF7BB1931943136B00E340E2 /* BoissonChocolat03@2x.png */,
				CF7BB1971943137E00E340E2 /* BoissonChocolat@2x.png */,
				CF7BB1951943137300E340E2 /* BoissonChocolat02@2x.png */,
				CF7BB1801940AB1900E340E2 /* navigation-title@2x.png */,
				CF543F361938145C00579675 /* prixdefleur@2x.png */,
				CF543F281937FF8900579675 /* buy@2x.png */,
				CF543F2E1937FFA600579675 /* info-dislike@2x.png */,
				CF543F2A1937FF9400579675 /* info-dislike-not@2x.png */,
				CF543F321937FFB500579675 /* info-like-push@2x.png */,
				CF543F341937FFC100579675 /* info-like@2x.png */,
				CF543F301937FFAF00579675 /* info-like-not@2x.png */,
				CF543F2C1937FF9C00579675 /* info-dislike-push@2x.png */,
			);
			name = Images;
			sourceTree = "<group>";
		};
/* End PBXGroup section */

/* Begin PBXNativeTarget section */
		CF1458B3192214A1005E6EBB /* Wishfeed_α */ = {
			isa = PBXNativeTarget;
			buildConfigurationList = CF1458E0192214A1005E6EBB /* Build configuration list for PBXNativeTarget "Wishfeed_α" */;
			buildPhases = (
				F0664894269446EAA7AB7D9E /* Check Pods Manifest.lock */,
				CF1458B0192214A1005E6EBB /* Sources */,
				CF1458B1192214A1005E6EBB /* Frameworks */,
				CF1458B2192214A1005E6EBB /* Resources */,
				33CA077386FA473CA669EDB6 /* Copy Pods Resources */,
			);
			buildRules = (
			);
			dependencies = (
			);
			name = "Wishfeed_α";
			productName = SkipOrLikeSample;
			productReference = CF1458B4192214A1005E6EBB /* Wishfeed_α.app */;
			productType = "com.apple.product-type.application";
		};
		CF1458CE192214A1005E6EBB /* Wishfeed_αTests */ = {
			isa = PBXNativeTarget;
			buildConfigurationList = CF1458E3192214A1005E6EBB /* Build configuration list for PBXNativeTarget "Wishfeed_αTests" */;
			buildPhases = (
				CF1458CB192214A1005E6EBB /* Sources */,
				CF1458CC192214A1005E6EBB /* Frameworks */,
				CF1458CD192214A1005E6EBB /* Resources */,
			);
			buildRules = (
			);
			dependencies = (
				CF1458D5192214A1005E6EBB /* PBXTargetDependency */,
			);
			name = "Wishfeed_αTests";
			productName = SkipOrLikeSampleTests;
			productReference = CF1458CF192214A1005E6EBB /* Wishfeed_αTests.xctest */;
			productType = "com.apple.product-type.bundle.unit-test";
		};
/* End PBXNativeTarget section */

/* Begin PBXProject section */
		CF1458AC192214A1005E6EBB /* Project object */ = {
			isa = PBXProject;
			attributes = {
				CLASSPREFIX = FW;
				LastUpgradeCheck = 0510;
				ORGANIZATIONNAME = "Fumitaka Watanabe";
				TargetAttributes = {
					CF1458CE192214A1005E6EBB = {
						TestTargetID = CF1458B3192214A1005E6EBB;
					};
				};
			};
			buildConfigurationList = CF1458AF192214A1005E6EBB /* Build configuration list for PBXProject "Wishfeed_α" */;
			compatibilityVersion = "Xcode 3.2";
			developmentRegion = English;
			hasScannedForEncodings = 0;
			knownRegions = (
				en,
			);
			mainGroup = CF1458AB192214A1005E6EBB;
			productRefGroup = CF1458B5192214A1005E6EBB /* Products */;
			projectDirPath = "";
			projectRoot = "";
			targets = (
				CF1458B3192214A1005E6EBB /* Wishfeed_α */,
				CF1458CE192214A1005E6EBB /* Wishfeed_αTests */,
			);
		};
/* End PBXProject section */

/* Begin PBXResourcesBuildPhase section */
		CF1458B2192214A1005E6EBB /* Resources */ = {
			isa = PBXResourcesBuildPhase;
			buildActionMask = 2147483647;
			files = (
				CF543F2D1937FF9C00579675 /* info-dislike-push@2x.png in Resources */,
				CFACDA0B194556B30051DEC0 /* skip_button@2x.png in Resources */,
				CF7BB18A1940B7D000E340E2 /* axisstd-regular.otf in Resources */,
				CF7BB1941943136B00E340E2 /* BoissonChocolat03@2x.png in Resources */,
				CF7BB1961943137300E340E2 /* BoissonChocolat02@2x.png in Resources */,
				CF7BB1871940B1EC00E340E2 /* skip@2x.png in Resources */,
				CF543F311937FFAF00579675 /* info-like-not@2x.png in Resources */,
				CF543F371938145C00579675 /* prixdefleur@2x.png in Resources */,
				CFACDA051945568C0051DEC0 /* first@2x.png in Resources */,
				CFACD9FF194556720051DEC0 /* like-button@2x.png in Resources */,
				CFACDA091945569D0051DEC0 /* register@2x.png in Resources */,
				CF7BB1831940B1DD00E340E2 /* like@2x.png in Resources */,
				CFACD9FD194556450051DEC0 /* like-button-push@2x.png in Resources */,
				CF7BB1981943137E00E340E2 /* BoissonChocolat@2x.png in Resources */,
				CF1458C2192214A1005E6EBB /* InfoPlist.strings in Resources */,
				CF543F331937FFB500579675 /* info-like-push@2x.png in Resources */,
				CFACDA07194556960051DEC0 /* log_in@2x.png in Resources */,
				CFACDA011945567D0051DEC0 /* facebook@2x.png in Resources */,
				CF1458CA192214A1005E6EBB /* Images.xcassets in Resources */,
				CF543F2F1937FFA600579675 /* info-dislike@2x.png in Resources */,
				CF543F351937FFC100579675 /* info-like@2x.png in Resources */,
				CF7BB18E1940BC1500E340E2 /* axisstd-light.otf in Resources */,
				CF7BB18C1940BAAF00E340E2 /* DINMittelschriftStd.otf in Resources */,
				CFACDA03194556850051DEC0 /* FB_register@2x.png in Resources */,
				CF543F2B1937FF9400579675 /* info-dislike-not@2x.png in Resources */,
				CF7BB1811940AB1900E340E2 /* navigation-title@2x.png in Resources */,
				CF7BB1921943136500E340E2 /* BoissonChocolat04@2x.png in Resources */,
				CF1459041923607E005E6EBB /* Storyboard.storyboard in Resources */,
				CF543F291937FF8900579675 /* buy@2x.png in Resources */,
				CFACD9FB194556370051DEC0 /* buy-button@2x.png in Resources */,
				CF7BB1901940BC2500E340E2 /* axisstd-extralight.otf in Resources */,
				CF7BB1851940B1E500E340E2 /* more@2x.png in Resources */,
			);
			runOnlyForDeploymentPostprocessing = 0;
		};
		CF1458CD192214A1005E6EBB /* Resources */ = {
			isa = PBXResourcesBuildPhase;
			buildActionMask = 2147483647;
			files = (
				CF1458DB192214A1005E6EBB /* InfoPlist.strings in Resources */,
			);
			runOnlyForDeploymentPostprocessing = 0;
		};
/* End PBXResourcesBuildPhase section */

/* Begin PBXShellScriptBuildPhase section */
		33CA077386FA473CA669EDB6 /* Copy Pods Resources */ = {
			isa = PBXShellScriptBuildPhase;
			buildActionMask = 2147483647;
			files = (
			);
			inputPaths = (
			);
			name = "Copy Pods Resources";
			outputPaths = (
			);
			runOnlyForDeploymentPostprocessing = 0;
			shellPath = /bin/sh;
			shellScript = "\"${SRCROOT}/Pods/Pods-resources.sh\"\n";
			showEnvVarsInLog = 0;
		};
		F0664894269446EAA7AB7D9E /* Check Pods Manifest.lock */ = {
			isa = PBXShellScriptBuildPhase;
			buildActionMask = 2147483647;
			files = (
			);
			inputPaths = (
			);
			name = "Check Pods Manifest.lock";
			outputPaths = (
			);
			runOnlyForDeploymentPostprocessing = 0;
			shellPath = /bin/sh;
			shellScript = "diff \"${PODS_ROOT}/../Podfile.lock\" \"${PODS_ROOT}/Manifest.lock\" > /dev/null\nif [[ $? != 0 ]] ; then\n    cat << EOM\nerror: The sandbox is not in sync with the Podfile.lock. Run 'pod install' or update your CocoaPods installation.\nEOM\n    exit 1\nfi\n";
			showEnvVarsInLog = 0;
		};
/* End PBXShellScriptBuildPhase section */

/* Begin PBXSourcesBuildPhase section */
		CF1458B0192214A1005E6EBB /* Sources */ = {
			isa = PBXSourcesBuildPhase;
			buildActionMask = 2147483647;
			files = (
				CFE802E8192C46C20097AD92 /* FWItems.m in Sources */,
				CF1458C4192214A1005E6EBB /* main.m in Sources */,
				CF0CB430192B3A2400B19C22 /* FWWebViewController.m in Sources */,
				CFE802EB192C47ED0097AD92 /* FWImageLabelView.m in Sources */,
				CFF7B7451928C33000CFBC03 /* FWDetailsViewController.m in Sources */,
				CFE802EE192C4AE80097AD92 /* FWChooseItemView.m in Sources */,
				CF1458C8192214A1005E6EBB /* FWAppDelegate.m in Sources */,
				CF1458E81922192E005E6EBB /* FWViewController.m in Sources */,
			);
			runOnlyForDeploymentPostprocessing = 0;
		};
		CF1458CB192214A1005E6EBB /* Sources */ = {
			isa = PBXSourcesBuildPhase;
			buildActionMask = 2147483647;
			files = (
				CF1458DD192214A1005E6EBB /* SkipOrLikeSampleTests.m in Sources */,
			);
			runOnlyForDeploymentPostprocessing = 0;
		};
/* End PBXSourcesBuildPhase section */

/* Begin PBXTargetDependency section */
		CF1458D5192214A1005E6EBB /* PBXTargetDependency */ = {
			isa = PBXTargetDependency;
			target = CF1458B3192214A1005E6EBB /* Wishfeed_α */;
			targetProxy = CF1458D4192214A1005E6EBB /* PBXContainerItemProxy */;
		};
/* End PBXTargetDependency section */

/* Begin PBXVariantGroup section */
		CF1458C0192214A1005E6EBB /* InfoPlist.strings */ = {
			isa = PBXVariantGroup;
			children = (
				CF1458C1192214A1005E6EBB /* en */,
			);
			name = InfoPlist.strings;
			sourceTree = "<group>";
		};
		CF1458D9192214A1005E6EBB /* InfoPlist.strings */ = {
			isa = PBXVariantGroup;
			children = (
				CF1458DA192214A1005E6EBB /* en */,
			);
			name = InfoPlist.strings;
			sourceTree = "<group>";
		};
/* End PBXVariantGroup section */

/* Begin XCBuildConfiguration section */
		CF1458DE192214A1005E6EBB /* Debug */ = {
			isa = XCBuildConfiguration;
			buildSettings = {
				ALWAYS_SEARCH_USER_PATHS = NO;
				CLANG_CXX_LANGUAGE_STANDARD = "gnu++0x";
				CLANG_CXX_LIBRARY = "libc++";
				CLANG_ENABLE_MODULES = YES;
				CLANG_ENABLE_OBJC_ARC = YES;
				CLANG_WARN_BOOL_CONVERSION = YES;
				CLANG_WARN_CONSTANT_CONVERSION = YES;
				CLANG_WARN_DIRECT_OBJC_ISA_USAGE = YES_ERROR;
				CLANG_WARN_EMPTY_BODY = YES;
				CLANG_WARN_ENUM_CONVERSION = YES;
				CLANG_WARN_INT_CONVERSION = YES;
				CLANG_WARN_OBJC_ROOT_CLASS = YES_ERROR;
				CLANG_WARN__DUPLICATE_METHOD_MATCH = YES;
				"CODE_SIGN_IDENTITY[sdk=iphoneos*]" = "iPhone Developer";
				COPY_PHASE_STRIP = NO;
				GCC_C_LANGUAGE_STANDARD = gnu99;
				GCC_DYNAMIC_NO_PIC = NO;
				GCC_OPTIMIZATION_LEVEL = 0;
				GCC_PREPROCESSOR_DEFINITIONS = (
					"DEBUG=1",
					"$(inherited)",
				);
				GCC_SYMBOLS_PRIVATE_EXTERN = NO;
				GCC_WARN_64_TO_32_BIT_CONVERSION = YES;
				GCC_WARN_ABOUT_RETURN_TYPE = YES_ERROR;
				GCC_WARN_UNDECLARED_SELECTOR = YES;
				GCC_WARN_UNINITIALIZED_AUTOS = YES_AGGRESSIVE;
				GCC_WARN_UNUSED_FUNCTION = YES;
				GCC_WARN_UNUSED_VARIABLE = YES;
				IPHONEOS_DEPLOYMENT_TARGET = 7.1;
				ONLY_ACTIVE_ARCH = YES;
				SDKROOT = iphoneos;
			};
			name = Debug;
		};
		CF1458DF192214A1005E6EBB /* Release */ = {
			isa = XCBuildConfiguration;
			buildSettings = {
				ALWAYS_SEARCH_USER_PATHS = NO;
				CLANG_CXX_LANGUAGE_STANDARD = "gnu++0x";
				CLANG_CXX_LIBRARY = "libc++";
				CLANG_ENABLE_MODULES = YES;
				CLANG_ENABLE_OBJC_ARC = YES;
				CLANG_WARN_BOOL_CONVERSION = YES;
				CLANG_WARN_CONSTANT_CONVERSION = YES;
				CLANG_WARN_DIRECT_OBJC_ISA_USAGE = YES_ERROR;
				CLANG_WARN_EMPTY_BODY = YES;
				CLANG_WARN_ENUM_CONVERSION = YES;
				CLANG_WARN_INT_CONVERSION = YES;
				CLANG_WARN_OBJC_ROOT_CLASS = YES_ERROR;
				CLANG_WARN__DUPLICATE_METHOD_MATCH = YES;
				"CODE_SIGN_IDENTITY[sdk=iphoneos*]" = "iPhone Developer";
				COPY_PHASE_STRIP = YES;
				ENABLE_NS_ASSERTIONS = NO;
				GCC_C_LANGUAGE_STANDARD = gnu99;
				GCC_WARN_64_TO_32_BIT_CONVERSION = YES;
				GCC_WARN_ABOUT_RETURN_TYPE = YES_ERROR;
				GCC_WARN_UNDECLARED_SELECTOR = YES;
				GCC_WARN_UNINITIALIZED_AUTOS = YES_AGGRESSIVE;
				GCC_WARN_UNUSED_FUNCTION = YES;
				GCC_WARN_UNUSED_VARIABLE = YES;
				IPHONEOS_DEPLOYMENT_TARGET = 7.1;
				SDKROOT = iphoneos;
				VALIDATE_PRODUCT = YES;
			};
			name = Release;
		};
		CF1458E1192214A1005E6EBB /* Debug */ = {
			isa = XCBuildConfiguration;
			baseConfigurationReference = B87D320969414D419B515807 /* Pods.xcconfig */;
			buildSettings = {
				ASSETCATALOG_COMPILER_APPICON_NAME = AppIcon;
				ASSETCATALOG_COMPILER_LAUNCHIMAGE_NAME = LaunchImage;
				FRAMEWORK_SEARCH_PATHS = (
					"$(inherited)",
					"$(PROJECT_DIR)",
				);
				GCC_PRECOMPILE_PREFIX_HEADER = YES;
				GCC_PREFIX_HEADER = "SkipOrLikeSample/Wishfeed_α-Prefix.pch";
				HEADER_SEARCH_PATHS = "$(SRCROOT)";
				INFOPLIST_FILE = "SkipOrLikeSample/Wishfeed_α-Info.plist";
				PRODUCT_NAME = "Wishfeed_α";
				WRAPPER_EXTENSION = app;
			};
			name = Debug;
		};
		CF1458E2192214A1005E6EBB /* Release */ = {
			isa = XCBuildConfiguration;
			baseConfigurationReference = B87D320969414D419B515807 /* Pods.xcconfig */;
			buildSettings = {
				ASSETCATALOG_COMPILER_APPICON_NAME = AppIcon;
				ASSETCATALOG_COMPILER_LAUNCHIMAGE_NAME = LaunchImage;
				FRAMEWORK_SEARCH_PATHS = (
					"$(inherited)",
					"$(PROJECT_DIR)",
				);
				GCC_PRECOMPILE_PREFIX_HEADER = YES;
				GCC_PREFIX_HEADER = "SkipOrLikeSample/Wishfeed_α-Prefix.pch";
				HEADER_SEARCH_PATHS = "$(SRCROOT)";
				INFOPLIST_FILE = "SkipOrLikeSample/Wishfeed_α-Info.plist";
				PRODUCT_NAME = "Wishfeed_α";
				WRAPPER_EXTENSION = app;
			};
			name = Release;
		};
		CF1458E4192214A1005E6EBB /* Debug */ = {
			isa = XCBuildConfiguration;
			buildSettings = {
				BUNDLE_LOADER = "$(BUILT_PRODUCTS_DIR)/SkipOrLikeSample.app/SkipOrLikeSample";
				FRAMEWORK_SEARCH_PATHS = (
					"$(SDKROOT)/Developer/Library/Frameworks",
					"$(inherited)",
					"$(DEVELOPER_FRAMEWORKS_DIR)",
				);
				GCC_PRECOMPILE_PREFIX_HEADER = YES;
				GCC_PREFIX_HEADER = "SkipOrLikeSample/SkipOrLikeSample-Prefix.pch";
				GCC_PREPROCESSOR_DEFINITIONS = (
					"DEBUG=1",
					"$(inherited)",
				);
				INFOPLIST_FILE = "SkipOrLikeSampleTests/Wishfeed_αTests-Info.plist";
				PRODUCT_NAME = "Wishfeed_αTests";
				TEST_HOST = "$(BUNDLE_LOADER)";
				WRAPPER_EXTENSION = xctest;
			};
			name = Debug;
		};
		CF1458E5192214A1005E6EBB /* Release */ = {
			isa = XCBuildConfiguration;
			buildSettings = {
				BUNDLE_LOADER = "$(BUILT_PRODUCTS_DIR)/SkipOrLikeSample.app/SkipOrLikeSample";
				FRAMEWORK_SEARCH_PATHS = (
					"$(SDKROOT)/Developer/Library/Frameworks",
					"$(inherited)",
					"$(DEVELOPER_FRAMEWORKS_DIR)",
				);
				GCC_PRECOMPILE_PREFIX_HEADER = YES;
				GCC_PREFIX_HEADER = "SkipOrLikeSample/SkipOrLikeSample-Prefix.pch";
				INFOPLIST_FILE = "SkipOrLikeSampleTests/Wishfeed_αTests-Info.plist";
				PRODUCT_NAME = "Wishfeed_αTests";
				TEST_HOST = "$(BUNDLE_LOADER)";
				WRAPPER_EXTENSION = xctest;
			};
			name = Release;
		};
/* End XCBuildConfiguration section */

/* Begin XCConfigurationList section */
		CF1458AF192214A1005E6EBB /* Build configuration list for PBXProject "Wishfeed_α" */ = {
			isa = XCConfigurationList;
			buildConfigurations = (
				CF1458DE192214A1005E6EBB /* Debug */,
				CF1458DF192214A1005E6EBB /* Release */,
			);
			defaultConfigurationIsVisible = 0;
			defaultConfigurationName = Release;
		};
		CF1458E0192214A1005E6EBB /* Build configuration list for PBXNativeTarget "Wishfeed_α" */ = {
			isa = XCConfigurationList;
			buildConfigurations = (
				CF1458E1192214A1005E6EBB /* Debug */,
				CF1458E2192214A1005E6EBB /* Release */,
			);
			defaultConfigurationIsVisible = 0;
			defaultConfigurationName = Release;
		};
		CF1458E3192214A1005E6EBB /* Build configuration list for PBXNativeTarget "Wishfeed_αTests" */ = {
			isa = XCConfigurationList;
			buildConfigurations = (
				CF1458E4192214A1005E6EBB /* Debug */,
				CF1458E5192214A1005E6EBB /* Release */,
			);
			defaultConfigurationIsVisible = 0;
			defaultConfigurationName = Release;
		};
/* End XCConfigurationList section */
	};
	rootObject = CF1458AC192214A1005E6EBB /* Project object */;
}
